# THIS IS AN AUTOGENERATED FILE. DO NOT EDIT THIS FILE DIRECTLY.
# yarn lockfile v1


"@types/prop-types@*":
  version "15.7.3"
  resolved "https://registry.yarnpkg.com/@types/prop-types/-/prop-types-15.7.3.tgz#2ab0d5da2e5815f94b0b9d4b95d1e5f243ab2ca7"
  integrity sha512-KfRL3PuHmqQLOG+2tGpRO26Ctg+Cq1E01D2DMriKEATHgWLfeNDmq9e29Q9WIky0dQ3NPkd1mzYH8Lm936Z9qw==

"@types/react@^17.0.0":
  version "17.0.0"
  resolved "https://registry.yarnpkg.com/@types/react/-/react-17.0.0.tgz#5af3eb7fad2807092f0046a1302b7823e27919b8"
  integrity sha512-aj/L7RIMsRlWML3YB6KZiXB3fV2t41+5RBGYF8z+tAKU43Px8C3cYUZsDvf1/+Bm4FK21QWBrDutu8ZJ/70qOw==
  dependencies:
    "@types/prop-types" "*"
    csstype "^3.0.2"

csstype@^3.0.2:
  version "3.0.5"
  resolved "https://registry.yarnpkg.com/csstype/-/csstype-3.0.5.tgz#7fdec6a28a67ae18647c51668a9ff95bb2fa7bb8"
  integrity sha512-uVDi8LpBUKQj6sdxNaTetL6FpeCqTjOvAQuQUa/qAqq8oOd4ivkbhgnqayl0dnPal8Tb/yB1tF+gOvCBiicaiQ==

mobx-react-lite@^3.1.6:
  version "3.1.6"
  resolved "https://registry.yarnpkg.com/mobx-react-lite/-/mobx-react-lite-3.1.6.tgz#e7f4809ab66edd1acca5adb00c6b88c600ae1952"
  integrity sha512-MM3x9BLt5nC7iE/ILA5n2+hfrplEKYbFjqROEuGkzBdZP/KD+Z44+2gseczRrTG0xFuiPWfEzgT68+6/zqOiEw==

mobx-react@^7.0.5:
  version "7.0.5"
  resolved "https://registry.yarnpkg.com/mobx-react/-/mobx-react-7.0.5.tgz#a458ec3fd44349d398274eb08aec1abe9b5129ff"
  integrity sha512-WmHl3Ni30ujVcOOnllmGmyccsbfFCKtAwpkIwncwxhgLcvXcE0Wa9lGJIhoqQdTJzGr0AJqGzMVAdwNc3Fj2DQ==
  dependencies:
    mobx-react-lite "^3.1.6"
